
Microsoft Visual Studio Solution File, Format Version 12.00
# Visual Studio Version 16
VisualStudioVersion = 16.0.28407.52
MinimumVisualStudioVersion = 10.0.40219.1
Project("{8BC9CEB8-8B4A-11D0-8D11-00A0C91BC942}") = "fractals", "fractals.vcxproj", "{D1AD7D55-C495-4EBE-8FF5-BB8C3ABEA088}"
EndProject
Global
	GlobalSection(SolutionConfigurationPlatforms) = preSolution
		Debug|x64 = Debug|x64
		Debug|x86 = Debug|x86
		Release|x64 = Release|x64
		Release|x86 = Release|x86
		ReleaseWithDebSymbols|x64 = ReleaseWithDebSymbols|x64
		ReleaseWithDebSymbols|x86 = ReleaseWithDebSymbols|x86
	EndGlobalSection
	GlobalSection(ProjectConfigurationPlatforms) = postSolution
		{D1AD7D55-C495-4EBE-8FF5-BB8C3ABEA088}.Debug|x64.ActiveCfg = Debug|x64
		{D1AD7D55-C495-4EBE-8FF5-BB8C3ABEA088}.Debug|x64.Build.0 = Debug|x64
		{D1AD7D55-C495-4EBE-8FF5-BB8C3ABEA088}.Debug|x86.ActiveCfg = Debug|Win32
		{D1AD7D55-C495-4EBE-8FF5-BB8C3ABEA088}.Debug|x86.Build.0 = Debug|Win32
		{D1AD7D55-C495-4EBE-8FF5-BB8C3ABEA088}.Release|x64.ActiveCfg = Release|x64
		{D1AD7D55-C495-4EBE-8FF5-BB8C3ABEA088}.Release|x64.Build.0 = Release|x64
		{D1AD7D55-C495-4EBE-8FF5-BB8C3ABEA088}.Release|x86.ActiveCfg = Release|Win32
		{D1AD7D55-C495-4EBE-8FF5-BB8C3ABEA088}.Release|x86.Build.0 = Release|Win32
		{D1AD7D55-C495-4EBE-8FF5-BB8C3ABEA088}.ReleaseWithDebSymbols|x64.ActiveCfg = ReleaseWithDebSymbols|x64
		{D1AD7D55-C495-4EBE-8FF5-BB8C3ABEA088}.ReleaseWithDebSymbols|x64.Build.0 = ReleaseWithDebSymbols|x64
		{D1AD7D55-C495-4EBE-8FF5-BB8C3ABEA088}.ReleaseWithDebSymbols|x86.ActiveCfg = ReleaseWithDebSymbols|Win32
		{D1AD7D55-C495-4EBE-8FF5-BB8C3ABEA088}.ReleaseWithDebSymbols|x86.Build.0 = ReleaseWithDebSymbols|Win32
	EndGlobalSection
	GlobalSection(SolutionProperties) = preSolution
		HideSolutionNode = FALSE
	EndGlobalSection
	GlobalSection(ExtensibilityGlobals) = postSolution
		SolutionGuid = {8BD78F3C-B07F-4B3E-AACB-EF7BEEA484ED}
	EndGlobalSection
EndGlobal
